<?xml version="1.0" encoding="utf-8"?>
<Project ToolsVersion="4.0" xmlns="http://schemas.microsoft.com/developer/msbuild/2003">
  <ItemGroup>
    <Filter Include="Source Files">
      <UniqueIdentifier>{4FC737F1-C7A5-4376-A066-2A32D752A2FF}</UniqueIdentifier>
      <Extensions>cpp;c;cc;cxx;def;odl;idl;hpj;bat;asm;asmx</Extensions>
    </Filter>
    <Filter Include="Source Files\object">
      <UniqueIdentifier>{77c3a9a9-ecf9-4af6-a501-76c535c634c2}</UniqueIdentifier>
    </Filter>
    <Filter Include="Source Files\converter">
      <UniqueIdentifier>{4ddb6ac5-c7eb-46bb-8ed6-cb21c4f5d5bd}</UniqueIdentifier>
    </Filter>
    <Filter Include="Header Files">
      <UniqueIdentifier>{93995380-89BD-4b04-88EB-625FBE52EBFB}</UniqueIdentifier>
      <Extensions>h;hpp;hxx;hm;inl;inc;xsd</Extensions>
    </Filter>
    <Filter Include="Resource Files">
      <UniqueIdentifier>{67DA6AB6-F800-4c08-8B7A-83BB121AAD01}</UniqueIdentifier>
      <Extensions>rc;ico;cur;bmp;dlg;rc2;rct;bin;rgs;gif;jpg;jpeg;jpe;resx;tiff;tif;png;wav</Extensions>
    </Filter>
  </ItemGroup>
  <ItemGroup>
    <ClCompile Include="code\dict.cpp">
      <Filter>Source Files</Filter>
    </ClCompile>
    <ClCompile Include="code\errors.cpp">
      <Filter>Source Files</Filter>
    </ClCompile>
    <ClCompile Include="code\exec.cpp">
      <Filter>Source Files</Filter>
    </ClCompile>
    <ClCompile Include="code\import.cpp">
      <Filter>Source Files</Filter>
    </ClCompile>
    <ClCompile Include="code\list.cpp">
      <Filter>Source Files</Filter>
    </ClCompile>
    <ClCompile Include="code\long.cpp">
      <Filter>Source Files</Filter>
    </ClCompile>
    <ClCompile Include="code\module.cpp">
      <Filter>Source Files</Filter>
    </ClCompile>
    <ClCompile Include="code\numeric.cpp">
      <Filter>Source Files</Filter>
    </ClCompile>
    <ClCompile Include="code\object_operators.cpp">
      <Filter>Source Files</Filter>
    </ClCompile>
    <ClCompile Include="code\object_protocol.cpp">
      <Filter>Source Files</Filter>
    </ClCompile>
    <ClCompile Include="code\slice.cpp">
      <Filter>Source Files</Filter>
    </ClCompile>
    <ClCompile Include="code\str.cpp">
      <Filter>Source Files</Filter>
    </ClCompile>
    <ClCompile Include="code\tuple.cpp">
      <Filter>Source Files</Filter>
    </ClCompile>
    <ClCompile Include="code\wrapper.cpp">
      <Filter>Source Files</Filter>
    </ClCompile>
    <ClCompile Include="code\object\class.cpp">
      <Filter>Source Files\object</Filter>
    </ClCompile>
    <ClCompile Include="code\object\enum.cpp">
      <Filter>Source Files\object</Filter>
    </ClCompile>
    <ClCompile Include="code\object\function.cpp">
      <Filter>Source Files\object</Filter>
    </ClCompile>
    <ClCompile Include="code\object\function_doc_signature.cpp">
      <Filter>Source Files\object</Filter>
    </ClCompile>
    <ClCompile Include="code\object\inheritance.cpp">
      <Filter>Source Files\object</Filter>
    </ClCompile>
    <ClCompile Include="code\object\iterator.cpp">
      <Filter>Source Files\object</Filter>
    </ClCompile>
    <ClCompile Include="code\object\life_support.cpp">
      <Filter>Source Files\object</Filter>
    </ClCompile>
    <ClCompile Include="code\object\pickle_support.cpp">
      <Filter>Source Files\object</Filter>
    </ClCompile>
    <ClCompile Include="code\object\stl_iterator.cpp">
      <Filter>Source Files\object</Filter>
    </ClCompile>
    <ClCompile Include="code\converter\arg_to_python_base.cpp">
      <Filter>Source Files\converter</Filter>
    </ClCompile>
    <ClCompile Include="code\converter\builtin_converters.cpp">
      <Filter>Source Files\converter</Filter>
    </ClCompile>
    <ClCompile Include="code\converter\from_python.cpp">
      <Filter>Source Files\converter</Filter>
    </ClCompile>
    <ClCompile Include="code\converter\registry.cpp">
      <Filter>Source Files\converter</Filter>
    </ClCompile>
    <ClCompile Include="code\converter\type_id.cpp">
      <Filter>Source Files\converter</Filter>
    </ClCompile>
  </ItemGroup>
  <ItemGroup>
    <None Include="ReadMe.txt" />
  </ItemGroup>
</Project>